// !$*UTF8*$!
{
	archiveVersion = 1;
	classes = {
	};
	objectVersion = 50;
	objects = {

/* Begin PBXBuildFile section */
		ABED1ABF245FB44200DE072F /* AppDelegate.swift in Sources */ = {isa = PBXBuildFile; fileRef = ABED1ABE245FB44200DE072F /* AppDelegate.swift */; };
		ABED1AC1245FB44200DE072F /* SceneDelegate.swift in Sources */ = {isa = PBXBuildFile; fileRef = ABED1AC0245FB44200DE072F /* SceneDelegate.swift */; };
		ABED1AC3245FB44200DE072F /* ViewController.swift in Sources */ = {isa = PBXBuildFile; fileRef = ABED1AC2245FB44200DE072F /* ViewController.swift */; };
		ABED1AC6245FB44200DE072F /* Main.storyboard in Resources */ = {isa = PBXBuildFile; fileRef = ABED1AC4245FB44200DE072F /* Main.storyboard */; };
		ABED1AC8245FB44400DE072F /* Assets.xcassets in Resources */ = {isa = PBXBuildFile; fileRef = ABED1AC7245FB44400DE072F /* Assets.xcassets */; };
		ABED1ACB245FB44400DE072F /* LaunchScreen.storyboard in Resources */ = {isa = PBXBuildFile; fileRef = ABED1AC9245FB44400DE072F /* LaunchScreen.storyboard */; };
/* End PBXBuildFile section */

/* Begin PBXFileReference section */
		ABED1ABB245FB44200DE072F /* CockTailAPI.app */ = {isa = PBXFileReference; explicitFileType = wrapper.application; includeInIndex = 0; path = CockTailAPI.app; sourceTree = BUILT_PRODUCTS_DIR; };
		ABED1ABE245FB44200DE072F /* AppDelegate.swift */ = {isa = PBXFileReference; lastKnownFileType = sourcecode.swift; path = AppDelegate.swift; sourceTree = "<group>"; };
		ABED1AC0245FB44200DE072F /* SceneDelegate.swift */ = {isa = PBXFileReference; lastKnownFileType = sourcecode.swift; path = SceneDelegate.swift; sourceTree = "<group>"; };
		ABED1AC2245FB44200DE072F /* ViewController.swift */ = {isa = PBXFileReference; lastKnownFileType = sourcecode.swift; path = ViewController.swift; sourceTree = "<group>"; };
		ABED1AC5245FB44200DE072F /* Base */ = {isa = PBXFileReference; lastKnownFileType = file.storyboard; name = Base; path = Base.lproj/Main.storyboard; sourceTree = "<group>"; };
		ABED1AC7245FB44400DE072F /* Assets.xcassets */ = {isa = PBXFileReference; lastKnownFileType = folder.assetcatalog; path = Assets.xcassets; sourceTree = "<group>"; };
		ABED1ACA245FB44400DE072F /* Base */ = {isa = PBXFileReference; lastKnownFileType = file.storyboard; name = Base; path = Base.lproj/LaunchScreen.storyboard; sourceTree = "<group>"; };
		ABED1ACC245FB44400DE072F /* Info.plist */ = {isa = PBXFileReference; lastKnownFileType = text.plist.xml; path = Info.plist; sourceTree = "<group>"; };
/* End PBXFileReference section */

/* Begin PBXFrameworksBuildPhase section */
		ABED1AB8245FB44200DE072F /* Frameworks */ = {
			isa = PBXFrameworksBuildPhase;
			buildActionMask = 2147483647;
			files = (
			);
			runOnlyForDeploymentPostprocessing = 0;
		};
/* End PBXFrameworksBuildPhase section */

/* Begin PBXGroup section */
		ABED1AB2245FB44200DE072F = {
			isa = PBXGroup;
			children = (
				ABED1ABD245FB44200DE072F /* CockTailAPI */,
				ABED1ABC245FB44200DE072F /* Products */,
			);
			sourceTree = "<group>";
		};
		ABED1ABC245FB44200DE072F /* Products */ = {
			isa = PBXGroup;
			children = (
				ABED1ABB245FB44200DE072F /* CockTailAPI.app */,
			);
			name = Products;
			sourceTree = "<group>";
		};
		ABED1ABD245FB44200DE072F /* CockTailAPI */ = {
			isa = PBXGroup;
			children = (
				ABED1ABE245FB44200DE072F /* AppDelegate.swift */,
				ABED1AC0245FB44200DE072F /* SceneDelegate.swift */,
				ABED1AC2245FB44200DE072F /* ViewController.swift */,
				ABED1AC4245FB44200DE072F /* Main.storyboard */,
				ABED1AC7245FB44400DE072F /* Assets.xcassets */,
				ABED1AC9245FB44400DE072F /* LaunchScreen.storyboard */,
				ABED1ACC245FB44400DE072F /* Info.plist */,
			);
			path = CockTailAPI;
			sourceTree = "<group>";
		};
/* End PBXGroup section */

/* Begin PBXNativeTarget section */
		ABED1ABA245FB44200DE072F /* CockTailAPI */ = {
			isa = PBXNativeTarget;
			buildConfigurationList = ABED1ACF245FB44400DE072F /* Build configuration list for PBXNativeTarget "CockTailAPI" */;
			buildPhases = (
				ABED1AB7245FB44200DE072F /* Sources */,
				ABED1AB8245FB44200DE072F /* Frameworks */,
				ABED1AB9245FB44200DE072F /* Resources */,
			);
			buildRules = (
			);
			dependencies = (
			);
			name = CockTailAPI;
			productName = CockTailAPI;
			productReference = ABED1ABB245FB44200DE072F /* CockTailAPI.app */;
			productType = "com.apple.product-type.application";
		};
/* End PBXNativeTarget section */

/* Begin PBXProject section */
		ABED1AB3245FB44200DE072F /* Project object */ = {
			isa = PBXProject;
			attributes = {
				LastSwiftUpdateCheck = 1140;
				LastUpgradeCheck = 1140;
				ORGANIZATIONNAME = "Jose Martinez";
				TargetAttributes = {
					ABED1ABA245FB44200DE072F = {
						CreatedOnToolsVersion = 11.4.1;
					};
				};
			};
			buildConfigurationList = ABED1AB6245FB44200DE072F /* Build configuration list for PBXProject "CockTailAPI" */;
			compatibilityVersion = "Xcode 9.3";
			developmentRegion = en;
			hasScannedForEncodings = 0;
			knownRegions = (
				en,
				Base,
			);
			mainGroup = ABED1AB2245FB44200DE072F;
			productRefGroup = ABED1ABC245FB44200DE072F /* Products */;
			projectDirPath = "";
			projectRoot = "";
			targets = (
				ABED1ABA245FB44200DE072F /* CockTailAPI */,
			);
		};
/* End PBXProject section */

/* Begin PBXResourcesBuildPhase section */
		ABED1AB9245FB44200DE072F /* Resources */ = {
			isa = PBXResourcesBuildPhase;
			buildActionMask = 2147483647;
			files = (
				ABED1ACB245FB44400DE072F /* LaunchScreen.storyboard in Resources */,
				ABED1AC8245FB44400DE072F /* Assets.xcassets in Resources */,
				ABED1AC6245FB44200DE072F /* Main.storyboard in Resources */,
			);
			runOnlyForDeploymentPostprocessing = 0;
		};
/* End PBXResourcesBuildPhase section */

/* Begin PBXSourcesBuildPhase section */
		ABED1AB7245FB44200DE072F /* Sources */ = {
			isa = PBXSourcesBuildPhase;
			buildActionMask = 2147483647;
			files = (
				ABED1AC3245FB44200DE072F /* ViewController.swift in Sources */,
				ABED1ABF245FB44200DE072F /* AppDelegate.swift in Sources */,
				ABED1AC1245FB44200DE072F /* SceneDelegate.swift in Sources */,
			);
			runOnlyForDeploymentPostprocessing = 0;
		};
/* End PBXSourcesBuildPhase section */

/* Begin PBXVariantGroup section */
		ABED1AC4245FB44200DE072F /* Main.storyboard */ = {
			isa = PBXVariantGroup;
			children = (
				ABED1AC5245FB44200DE072F /* Base */,
			);
			name = Main.storyboard;
			sourceTree = "<group>";
		};
		ABED1AC9245FB44400DE072F /* LaunchScreen.storyboard */ = {
			isa = PBXVariantGroup;
			children = (
				ABED1ACA245FB44400DE072F /* Base */,
			);
			name = LaunchScreen.storyboard;
			sourceTree = "<group>";
		};
/* End PBXVariantGroup section */

/* Begin XCBuildConfiguration section */
		ABED1ACD245FB44400DE072F /* Debug */ = {
			isa = XCBuildConfiguration;
			buildSettings = {
				ALWAYS_SEARCH_USER_PATHS = NO;
				CLANG_ANALYZER_NONNULL = YES;
				CLANG_ANALYZER_NUMBER_OBJECT_CONVERSION = YES_AGGRESSIVE;
				CLANG_CXX_LANGUAGE_STANDARD = "gnu++14";
				CLANG_CXX_LIBRARY = "libc++";
				CLANG_ENABLE_MODULES = YES;
				CLANG_ENABLE_OBJC_ARC = YES;
				CLANG_ENABLE_OBJC_WEAK = YES;
				CLANG_WARN_BLOCK_CAPTURE_AUTORELEASING = YES;
				CLANG_WARN_BOOL_CONVERSION = YES;
				CLANG_WARN_COMMA = YES;
				CLANG_WARN_CONSTANT_CONVERSION = YES;
				CLANG_WARN_DEPRECATED_OBJC_IMPLEMENTATIONS = YES;
				CLANG_WARN_DIRECT_OBJC_ISA_USAGE = YES_ERROR;
				CLANG_WARN_DOCUMENTATION_COMMENTS = YES;
				CLANG_WARN_EMPTY_BODY = YES;
				CLANG_WARN_ENUM_CONVERSION = YES;
				CLANG_WARN_INFINITE_RECURSION = YES;
				CLANG_WARN_INT_CONVERSION = YES;
				CLANG_WARN_NON_LITERAL_NULL_CONVERSION = YES;
				CLANG_WARN_OBJC_IMPLICIT_RETAIN_SELF = YES;
				CLANG_WARN_OBJC_LITERAL_CONVERSION = YES;
				CLANG_WARN_OBJC_ROOT_CLASS = YES_ERROR;
				CLANG_WARN_RANGE_LOOP_ANALYSIS = YES;
				CLANG_WARN_STRICT_PROTOTYPES = YES;
				CLANG_WARN_SUSPICIOUS_MOVE = YES;
				CLANG_WARN_UNGUARDED_AVAILABILITY = YES_AGGRESSIVE;
				CLANG_WARN_UNREACHABLE_CODE = YES;
				CLANG_WARN__DUPLICATE_METHOD_MATCH = YES;
				COPY_PHASE_STRIP = NO;
				DEBUG_INFORMATION_FORMAT = dwarf;
				ENABLE_STRICT_OBJC_MSGSEND = YES;
				ENABLE_TESTABILITY = YES;
				GCC_C_LANGUAGE_STANDARD = gnu11;
				GCC_DYNAMIC_NO_PIC = NO;
				GCC_NO_COMMON_BLOCKS = YES;
				GCC_OPTIMIZATION_LEVEL = 0;
				GCC_PREPROCESSOR_DEFINITIONS = (
					"DEBUG=1",
					"$(inherited)",
				);
				GCC_WARN_64_TO_32_BIT_CONVERSION = YES;
				GCC_WARN_ABOUT_RETURN_TYPE = YES_ERROR;
				GCC_WARN_UNDECLARED_SELECTOR = YES;
				GCC_WARN_UNINITIALIZED_AUTOS = YES_AGGRESSIVE;
				GCC_WARN_UNUSED_FUNCTION = YES;
				GCC_WARN_UNUSED_VARIABLE = YES;
				IPHONEOS_DEPLOYMENT_TARGET = 13.4;
				MTL_ENABLE_DEBUG_INFO = INCLUDE_SOURCE;
				MTL_FAST_MATH = YES;
				ONLY_ACTIVE_ARCH = YES;
				SDKROOT = iphoneos;
				SWIFT_ACTIVE_COMPILATION_CONDITIONS = DEBUG;
				SWIFT_OPTIMIZATION_LEVEL = "-Onone";
			};
			name = Debug;
		};
		ABED1ACE245FB44400DE072F /* Release */ = {
			isa = XCBuildConfiguration;
			buildSettings = {
				ALWAYS_SEARCH_USER_PATHS = NO;
				CLANG_ANALYZER_NONNULL = YES;
				CLANG_ANALYZER_NUMBER_OBJECT_CONVERSION = YES_AGGRESSIVE;
				CLANG_CXX_LANGUAGE_STANDARD = "gnu++14";
				CLANG_CXX_LIBRARY = "libc++";
				CLANG_ENABLE_MODULES = YES;
				CLANG_ENABLE_OBJC_ARC = YES;
				CLANG_ENABLE_OBJC_WEAK = YES;
				CLANG_WARN_BLOCK_CAPTURE_AUTORELEASING = YES;
				CLANG_WARN_BOOL_CONVERSION = YES;
				CLANG_WARN_COMMA = YES;
				CLANG_WARN_CONSTANT_CONVERSION = YES;
				CLANG_WARN_DEPRECATED_OBJC_IMPLEMENTATIONS = YES;
				CLANG_WARN_DIRECT_OBJC_ISA_USAGE = YES_ERROR;
				CLANG_WARN_DOCUMENTATION_COMMENTS = YES;
				CLANG_WARN_EMPTY_BODY = YES;
				CLANG_WARN_ENUM_CONVERSION = YES;
				CLANG_WARN_INFINITE_RECURSION = YES;
				CLANG_WARN_INT_CONVERSION = YES;
				CLANG_WARN_NON_LITERAL_NULL_CONVERSION = YES;
				CLANG_WARN_OBJC_IMPLICIT_RETAIN_SELF = YES;
				CLANG_WARN_OBJC_LITERAL_CONVERSION = YES;
				CLANG_WARN_OBJC_ROOT_CLASS = YES_ERROR;
				CLANG_WARN_RANGE_LOOP_ANALYSIS = YES;
				CLANG_WARN_STRICT_PROTOTYPES = YES;
				CLANG_WARN_SUSPICIOUS_MOVE = YES;
				CLANG_WARN_UNGUARDED_AVAILABILITY = YES_AGGRESSIVE;
				CLANG_WARN_UNREACHABLE_CODE = YES;
				CLANG_WARN__DUPLICATE_METHOD_MATCH = YES;
				COPY_PHASE_STRIP = NO;
				DEBUG_INFORMATION_FORMAT = "dwarf-with-dsym";
				ENABLE_NS_ASSERTIONS = NO;
				ENABLE_STRICT_OBJC_MSGSEND = YES;
				GCC_C_LANGUAGE_STANDARD = gnu11;
				GCC_NO_COMMON_BLOCKS = YES;
				GCC_WARN_64_TO_32_BIT_CONVERSION = YES;
				GCC_WARN_ABOUT_RETURN_TYPE = YES_ERROR;
				GCC_WARN_UNDECLARED_SELECTOR = YES;
				GCC_WARN_UNINITIALIZED_AUTOS = YES_AGGRESSIVE;
				GCC_WARN_UNUSED_FUNCTION = YES;
				GCC_WARN_UNUSED_VARIABLE = YES;
				IPHONEOS_DEPLOYMENT_TARGET = 13.4;
				MTL_ENABLE_DEBUG_INFO = NO;
				MTL_FAST_MATH = YES;
				SDKROOT = iphoneos;
				SWIFT_COMPILATION_MODE = wholemodule;
				SWIFT_OPTIMIZATION_LEVEL = "-O";
				VALIDATE_PRODUCT = YES;
			};
			name = Release;
		};
		ABED1AD0245FB44400DE072F /* Debug */ = {
			isa = XCBuildConfiguration;
			buildSettings = {
				ASSETCATALOG_COMPILER_APPICON_NAME = AppIcon;
				CODE_SIGN_STYLE = Automatic;
				INFOPLIST_FILE = CockTailAPI/Info.plist;
				LD_RUNPATH_SEARCH_PATHS = (
					"$(inherited)",
					"@executable_path/Frameworks",
				);
				PRODUCT_BUNDLE_IDENTIFIER = "-Plaza-DePapel.CockTailAPI";
				PRODUCT_NAME = "$(TARGET_NAME)";
				SWIFT_VERSION = 5.0;
				TARGETED_DEVICE_FAMILY = "1,2";
			};
			name = Debug;
		};
		ABED1AD1245FB44400DE072F /* Release */ = {
			isa = XCBuildConfiguration;
			buildSettings = {
				ASSETCATALOG_COMPILER_APPICON_NAME = AppIcon;
				CODE_SIGN_STYLE = Automatic;
				INFOPLIST_FILE = CockTailAPI/Info.plist;
				LD_RUNPATH_SEARCH_PATHS = (
					"$(inherited)",
					"@executable_path/Frameworks",
				);
				PRODUCT_BUNDLE_IDENTIFIER = "-Plaza-DePapel.CockTailAPI";
				PRODUCT_NAME = "$(TARGET_NAME)";
				SWIFT_VERSION = 5.0;
				TARGETED_DEVICE_FAMILY = "1,2";
			};
			name = Release;
		};
/* End XCBuildConfiguration section */

/* Begin XCConfigurationList section */
		ABED1AB6245FB44200DE072F /* Build configuration list for PBXProject "CockTailAPI" */ = {
			isa = XCConfigurationList;
			buildConfigurations = (
				ABED1ACD245FB44400DE072F /* Debug */,
				ABED1ACE245FB44400DE072F /* Release */,
			);
			defaultConfigurationIsVisible = 0;
			defaultConfigurationName = Release;
		};
		ABED1ACF245FB44400DE072F /* Build configuration list for PBXNativeTarget "CockTailAPI" */ = {
			isa = XCConfigurationList;
			buildConfigurations = (
				ABED1AD0245FB44400DE072F /* Debug */,
				ABED1AD1245FB44400DE072F /* Release */,
			);
			defaultConfigurationIsVisible = 0;
			defaultConfigurationName = Release;
		};
/* End XCConfigurationList section */
	};
	rootObject = ABED1AB3245FB44200DE072F /* Project object */;
}
